// !$*UTF8*$!
{
	archiveVersion = 1;
	classes = {
	};
	objectVersion = 51;
	objects = {

/* Begin PBXBuildFile section */
		020FF92B233BC0FE0046A1DD /* TimeFomatChange.swift in Sources */ = {isa = PBXBuildFile; fileRef = 02228CB123368D890063A2F8 /* TimeFomatChange.swift */; };
		022073B123375DEC00C967E2 /* EventTableViewController.swift in Sources */ = {isa = PBXBuildFile; fileRef = 022073B023375DEC00C967E2 /* EventTableViewController.swift */; };
		022073B92337CD3A00C967E2 /* NotificationCenter.framework in Frameworks */ = {isa = PBXBuildFile; fileRef = 022073B82337CD3A00C967E2 /* NotificationCenter.framework */; };
		022073BC2337CD3A00C967E2 /* TodayViewController.swift in Sources */ = {isa = PBXBuildFile; fileRef = 022073BB2337CD3A00C967E2 /* TodayViewController.swift */; };
		022073BF2337CD3A00C967E2 /* MainInterface.storyboard in Resources */ = {isa = PBXBuildFile; fileRef = 022073BD2337CD3A00C967E2 /* MainInterface.storyboard */; };
		022073C32337CD3A00C967E2 /* TakeTimeToday.appex in Embed App Extensions */ = {isa = PBXBuildFile; fileRef = 022073B62337CD3A00C967E2 /* TakeTimeToday.appex */; settings = {ATTRIBUTES = (RemoveHeadersOnCopy, ); }; };
		022073CB23389E6B00C967E2 /* 尿布_widget.png in Resources */ = {isa = PBXBuildFile; fileRef = 022073CA23389E6B00C967E2 /* 尿布_widget.png */; };
		022073CD23389E7600C967E2 /* 水杯_widget.png in Resources */ = {isa = PBXBuildFile; fileRef = 022073CC23389E7500C967E2 /* 水杯_widget.png */; };
		022073CF23389E7C00C967E2 /* 洗澡_widget.png in Resources */ = {isa = PBXBuildFile; fileRef = 022073CE23389E7C00C967E2 /* 洗澡_widget.png */; };
		022073D123389E8300C967E2 /* 育儿_widget.png in Resources */ = {isa = PBXBuildFile; fileRef = 022073D023389E8300C967E2 /* 育儿_widget.png */; };
		02228CB023368A2C0063A2F8 /* MineGCDTimer.swift in Sources */ = {isa = PBXBuildFile; fileRef = 02228CAF23368A2C0063A2F8 /* MineGCDTimer.swift */; };
		02228CB223368D890063A2F8 /* TimeFomatChange.swift in Sources */ = {isa = PBXBuildFile; fileRef = 02228CB123368D890063A2F8 /* TimeFomatChange.swift */; };
		022CEC89236AB3B0001B40A0 /* GradientBGColor.swift in Sources */ = {isa = PBXBuildFile; fileRef = 022CEC88236AB3B0001B40A0 /* GradientBGColor.swift */; };
		0230D47E2361901000327ABA /* HeWeather_Plugin.framework in Frameworks */ = {isa = PBXBuildFile; fileRef = 0230D47D2361900F00327ABA /* HeWeather_Plugin.framework */; };
		028C3974236982CA00E299D3 /* LeanCloudGlobal.swift in Sources */ = {isa = PBXBuildFile; fileRef = 02EFBD1B2366F79D0006F767 /* LeanCloudGlobal.swift */; };
		028C3975236982CA00E299D3 /* LeanCloudLogin.swift in Sources */ = {isa = PBXBuildFile; fileRef = 02EFBD192366DFFE0006F767 /* LeanCloudLogin.swift */; };
		028C3976236982CA00E299D3 /* LeanCloudDataModel.swift in Sources */ = {isa = PBXBuildFile; fileRef = 02EFBD202367E29C0006F767 /* LeanCloudDataModel.swift */; };
		028C3977236982CA00E299D3 /* LeanCloudDataViewModel.swift in Sources */ = {isa = PBXBuildFile; fileRef = 02EFBD1E2367DD390006F767 /* LeanCloudDataViewModel.swift */; };
		028C397C2369903B00E299D3 /* IMG_7230.JPG in Resources */ = {isa = PBXBuildFile; fileRef = 028C397B2369903B00E299D3 /* IMG_7230.JPG */; };
		02A6E355233545FB00B70277 /* AppDelegate.swift in Sources */ = {isa = PBXBuildFile; fileRef = 02A6E354233545FB00B70277 /* AppDelegate.swift */; };
		02A6E357233545FB00B70277 /* MainViewController.swift in Sources */ = {isa = PBXBuildFile; fileRef = 02A6E356233545FB00B70277 /* MainViewController.swift */; };
		02A6E35A233545FB00B70277 /* Main.storyboard in Resources */ = {isa = PBXBuildFile; fileRef = 02A6E358233545FB00B70277 /* Main.storyboard */; };
		02A6E35F233545FB00B70277 /* Assets.xcassets in Resources */ = {isa = PBXBuildFile; fileRef = 02A6E35E233545FB00B70277 /* Assets.xcassets */; };
		02A6E362233545FB00B70277 /* LaunchScreen.storyboard in Resources */ = {isa = PBXBuildFile; fileRef = 02A6E360233545FB00B70277 /* LaunchScreen.storyboard */; };
		02EFBD1A2366DFFE0006F767 /* LeanCloudLogin.swift in Sources */ = {isa = PBXBuildFile; fileRef = 02EFBD192366DFFE0006F767 /* LeanCloudLogin.swift */; };
		02EFBD1C2366F79D0006F767 /* LeanCloudGlobal.swift in Sources */ = {isa = PBXBuildFile; fileRef = 02EFBD1B2366F79D0006F767 /* LeanCloudGlobal.swift */; };
		02EFBD1F2367DD390006F767 /* LeanCloudDataViewModel.swift in Sources */ = {isa = PBXBuildFile; fileRef = 02EFBD1E2367DD390006F767 /* LeanCloudDataViewModel.swift */; };
		02EFBD212367E29C0006F767 /* LeanCloudDataModel.swift in Sources */ = {isa = PBXBuildFile; fileRef = 02EFBD202367E29C0006F767 /* LeanCloudDataModel.swift */; };
		02FD1D91236A802A00CEE875 /* headBG.jpg in Resources */ = {isa = PBXBuildFile; fileRef = 02FD1D90236A802A00CEE875 /* headBG.jpg */; };
		27E4139567AE9A02982EAA6D /* Pods_TakeTimeToday.framework in Frameworks */ = {isa = PBXBuildFile; fileRef = 26C5CAA1593376D85BB84785 /* Pods_TakeTimeToday.framework */; };
		3A2D455CA808ABEF6F830EF5 /* Pods_TakeTime.framework in Frameworks */ = {isa = PBXBuildFile; fileRef = 3FE6D8A7BCF9897C9E49FB0F /* Pods_TakeTime.framework */; };
/* End PBXBuildFile section */

/* Begin PBXContainerItemProxy section */
		022073C12337CD3A00C967E2 /* PBXContainerItemProxy */ = {
			isa = PBXContainerItemProxy;
			containerPortal = 02A6E349233545FA00B70277 /* Project object */;
			proxyType = 1;
			remoteGlobalIDString = 022073B52337CD3A00C967E2;
			remoteInfo = TakeTimeToday;
		};
/* End PBXContainerItemProxy section */

/* Begin PBXCopyFilesBuildPhase section */
		022073C72337CD3A00C967E2 /* Embed App Extensions */ = {
			isa = PBXCopyFilesBuildPhase;
			buildActionMask = 2147483647;
			dstPath = "";
			dstSubfolderSpec = 13;
			files = (
				022073C32337CD3A00C967E2 /* TakeTimeToday.appex in Embed App Extensions */,
			);
			name = "Embed App Extensions";
			runOnlyForDeploymentPostprocessing = 0;
		};
/* End PBXCopyFilesBuildPhase section */

/* Begin PBXFileReference section */
		022073B023375DEC00C967E2 /* EventTableViewController.swift */ = {isa = PBXFileReference; lastKnownFileType = sourcecode.swift; path = EventTableViewController.swift; sourceTree = "<group>"; };
		022073B62337CD3A00C967E2 /* TakeTimeToday.appex */ = {isa = PBXFileReference; explicitFileType = "wrapper.app-extension"; includeInIndex = 0; path = TakeTimeToday.appex; sourceTree = BUILT_PRODUCTS_DIR; };
		022073B82337CD3A00C967E2 /* NotificationCenter.framework */ = {isa = PBXFileReference; lastKnownFileType = wrapper.framework; name = NotificationCenter.framework; path = System/Library/Frameworks/NotificationCenter.framework; sourceTree = SDKROOT; };
		022073BB2337CD3A00C967E2 /* TodayViewController.swift */ = {isa = PBXFileReference; lastKnownFileType = sourcecode.swift; path = TodayViewController.swift; sourceTree = "<group>"; };
		022073BE2337CD3A00C967E2 /* Base */ = {isa = PBXFileReference; lastKnownFileType = file.storyboard; name = Base; path = Base.lproj/MainInterface.storyboard; sourceTree = "<group>"; };
		022073C02337CD3A00C967E2 /* Info.plist */ = {isa = PBXFileReference; lastKnownFileType = text.plist.xml; path = Info.plist; sourceTree = "<group>"; };
		022073C823387A5A00C967E2 /* TakeTimeToday.entitlements */ = {isa = PBXFileReference; lastKnownFileType = text.plist.entitlements; path = TakeTimeToday.entitlements; sourceTree = "<group>"; };
		022073C923387FC100C967E2 /* TakeTime.entitlements */ = {isa = PBXFileReference; lastKnownFileType = text.plist.entitlements; path = TakeTime.entitlements; sourceTree = "<group>"; };
		022073CA23389E6B00C967E2 /* 尿布_widget.png */ = {isa = PBXFileReference; lastKnownFileType = image.png; name = "尿布_widget.png"; path = "TakeTime/Assets.xcassets/尿布_blue.imageset/尿布_widget.png"; sourceTree = SOURCE_ROOT; };
		022073CC23389E7500C967E2 /* 水杯_widget.png */ = {isa = PBXFileReference; lastKnownFileType = image.png; name = "水杯_widget.png"; path = "TakeTime/Assets.xcassets/水杯_blue.imageset/水杯_widget.png"; sourceTree = SOURCE_ROOT; };
		022073CE23389E7C00C967E2 /* 洗澡_widget.png */ = {isa = PBXFileReference; lastKnownFileType = image.png; name = "洗澡_widget.png"; path = "TakeTime/Assets.xcassets/洗澡_blue.imageset/洗澡_widget.png"; sourceTree = SOURCE_ROOT; };
		022073D023389E8300C967E2 /* 育儿_widget.png */ = {isa = PBXFileReference; lastKnownFileType = image.png; name = "育儿_widget.png"; path = "TakeTime/Assets.xcassets/育儿_blue.imageset/育儿_widget.png"; sourceTree = SOURCE_ROOT; };
		02228CAF23368A2C0063A2F8 /* MineGCDTimer.swift */ = {isa = PBXFileReference; lastKnownFileType = sourcecode.swift; path = MineGCDTimer.swift; sourceTree = "<group>"; };
		02228CB123368D890063A2F8 /* TimeFomatChange.swift */ = {isa = PBXFileReference; lastKnownFileType = sourcecode.swift; path = TimeFomatChange.swift; sourceTree = "<group>"; };
		022CEC88236AB3B0001B40A0 /* GradientBGColor.swift */ = {isa = PBXFileReference; lastKnownFileType = sourcecode.swift; path = GradientBGColor.swift; sourceTree = "<group>"; };
		0230D47D2361900F00327ABA /* HeWeather_Plugin.framework */ = {isa = PBXFileReference; lastKnownFileType = wrapper.framework; path = HeWeather_Plugin.framework; sourceTree = "<group>"; };
		02325F95233F4D860044A000 /* TakeTime-Bridging-Header.h */ = {isa = PBXFileReference; lastKnownFileType = sourcecode.c.h; path = "TakeTime-Bridging-Header.h"; sourceTree = "<group>"; };
		02325F99233F4F650044A000 /* TakeTimeToday-Bridging-Header.h */ = {isa = PBXFileReference; lastKnownFileType = sourcecode.c.h; path = "TakeTimeToday-Bridging-Header.h"; sourceTree = "<group>"; };
		028C397B2369903B00E299D3 /* IMG_7230.JPG */ = {isa = PBXFileReference; lastKnownFileType = image.jpeg; path = IMG_7230.JPG; sourceTree = "<group>"; };
		02A6E351233545FB00B70277 /* TakeTime.app */ = {isa = PBXFileReference; explicitFileType = wrapper.application; includeInIndex = 0; path = TakeTime.app; sourceTree = BUILT_PRODUCTS_DIR; };
		02A6E354233545FB00B70277 /* AppDelegate.swift */ = {isa = PBXFileReference; lastKnownFileType = sourcecode.swift; path = AppDelegate.swift; sourceTree = "<group>"; };
		02A6E356233545FB00B70277 /* MainViewController.swift */ = {isa = PBXFileReference; lastKnownFileType = sourcecode.swift; path = MainViewController.swift; sourceTree = "<group>"; };
		02A6E359233545FB00B70277 /* Base */ = {isa = PBXFileReference; lastKnownFileType = file.storyboard; name = Base; path = Base.lproj/Main.storyboard; sourceTree = "<group>"; };
		02A6E35E233545FB00B70277 /* Assets.xcassets */ = {isa = PBXFileReference; lastKnownFileType = folder.assetcatalog; path = Assets.xcassets; sourceTree = "<group>"; };
		02A6E361233545FB00B70277 /* Base */ = {isa = PBXFileReference; lastKnownFileType = file.storyboard; name = Base; path = Base.lproj/LaunchScreen.storyboard; sourceTree = "<group>"; };
		02A6E363233545FB00B70277 /* Info.plist */ = {isa = PBXFileReference; lastKnownFileType = text.plist.xml; path = Info.plist; sourceTree = "<group>"; };
		02EFBD192366DFFE0006F767 /* LeanCloudLogin.swift */ = {isa = PBXFileReference; lastKnownFileType = sourcecode.swift; path = LeanCloudLogin.swift; sourceTree = "<group>"; };
		02EFBD1B2366F79D0006F767 /* LeanCloudGlobal.swift */ = {isa = PBXFileReference; lastKnownFileType = sourcecode.swift; path = LeanCloudGlobal.swift; sourceTree = "<group>"; };
		02EFBD1E2367DD390006F767 /* LeanCloudDataViewModel.swift */ = {isa = PBXFileReference; lastKnownFileType = sourcecode.swift; path = LeanCloudDataViewModel.swift; sourceTree = "<group>"; };
		02EFBD202367E29C0006F767 /* LeanCloudDataModel.swift */ = {isa = PBXFileReference; lastKnownFileType = sourcecode.swift; path = LeanCloudDataModel.swift; sourceTree = "<group>"; };
		02FD1D90236A802A00CEE875 /* headBG.jpg */ = {isa = PBXFileReference; lastKnownFileType = image.jpeg; path = headBG.jpg; sourceTree = "<group>"; };
		23C5C6DC53B296087693AD16 /* Pods-TakeTimeToday.debug.xcconfig */ = {isa = PBXFileReference; includeInIndex = 1; lastKnownFileType = text.xcconfig; name = "Pods-TakeTimeToday.debug.xcconfig"; path = "Target Support Files/Pods-TakeTimeToday/Pods-TakeTimeToday.debug.xcconfig"; sourceTree = "<group>"; };
		26C5CAA1593376D85BB84785 /* Pods_TakeTimeToday.framework */ = {isa = PBXFileReference; explicitFileType = wrapper.framework; includeInIndex = 0; path = Pods_TakeTimeToday.framework; sourceTree = BUILT_PRODUCTS_DIR; };
		3FE6D8A7BCF9897C9E49FB0F /* Pods_TakeTime.framework */ = {isa = PBXFileReference; explicitFileType = wrapper.framework; includeInIndex = 0; path = Pods_TakeTime.framework; sourceTree = BUILT_PRODUCTS_DIR; };
		6556B86978094D1D0092155D /* Pods-TakeTime.debug.xcconfig */ = {isa = PBXFileReference; includeInIndex = 1; lastKnownFileType = text.xcconfig; name = "Pods-TakeTime.debug.xcconfig"; path = "Target Support Files/Pods-TakeTime/Pods-TakeTime.debug.xcconfig"; sourceTree = "<group>"; };
		A34FEB212A625469AEB6A679 /* Pods-TakeTime.release.xcconfig */ = {isa = PBXFileReference; includeInIndex = 1; lastKnownFileType = text.xcconfig; name = "Pods-TakeTime.release.xcconfig"; path = "Target Support Files/Pods-TakeTime/Pods-TakeTime.release.xcconfig"; sourceTree = "<group>"; };
		A74187EB1E66BC7762CEB6AA /* Pods-TakeTimeToday.release.xcconfig */ = {isa = PBXFileReference; includeInIndex = 1; lastKnownFileType = text.xcconfig; name = "Pods-TakeTimeToday.release.xcconfig"; path = "Target Support Files/Pods-TakeTimeToday/Pods-TakeTimeToday.release.xcconfig"; sourceTree = "<group>"; };
/* End PBXFileReference section */

/* Begin PBXFrameworksBuildPhase section */
		022073B32337CD3A00C967E2 /* Frameworks */ = {
			isa = PBXFrameworksBuildPhase;
			buildActionMask = 2147483647;
			files = (
				022073B92337CD3A00C967E2 /* NotificationCenter.framework in Frameworks */,
				27E4139567AE9A02982EAA6D /* Pods_TakeTimeToday.framework in Frameworks */,
			);
			runOnlyForDeploymentPostprocessing = 0;
		};
		02A6E34E233545FB00B70277 /* Frameworks */ = {
			isa = PBXFrameworksBuildPhase;
			buildActionMask = 2147483647;
			files = (
				3A2D455CA808ABEF6F830EF5 /* Pods_TakeTime.framework in Frameworks */,
				0230D47E2361901000327ABA /* HeWeather_Plugin.framework in Frameworks */,
			);
			runOnlyForDeploymentPostprocessing = 0;
		};
/* End PBXFrameworksBuildPhase section */

/* Begin PBXGroup section */
		022073B72337CD3A00C967E2 /* Frameworks */ = {
			isa = PBXGroup;
			children = (
				022073B82337CD3A00C967E2 /* NotificationCenter.framework */,
				3FE6D8A7BCF9897C9E49FB0F /* Pods_TakeTime.framework */,
				26C5CAA1593376D85BB84785 /* Pods_TakeTimeToday.framework */,
			);
			name = Frameworks;
			sourceTree = "<group>";
		};
		022073BA2337CD3A00C967E2 /* TakeTimeToday */ = {
			isa = PBXGroup;
			children = (
				022073CA23389E6B00C967E2 /* 尿布_widget.png */,
				022073CC23389E7500C967E2 /* 水杯_widget.png */,
				022073CE23389E7C00C967E2 /* 洗澡_widget.png */,
				022073D023389E8300C967E2 /* 育儿_widget.png */,
				022073C823387A5A00C967E2 /* TakeTimeToday.entitlements */,
				022073BB2337CD3A00C967E2 /* TodayViewController.swift */,
				022073BD2337CD3A00C967E2 /* MainInterface.storyboard */,
				022073C02337CD3A00C967E2 /* Info.plist */,
				02325F99233F4F650044A000 /* TakeTimeToday-Bridging-Header.h */,
			);
			path = TakeTimeToday;
			sourceTree = "<group>";
		};
		0230D47423618B3B00327ABA /* Librarys */ = {
			isa = PBXGroup;
			children = (
				02FD1D90236A802A00CEE875 /* headBG.jpg */,
				028C397B2369903B00E299D3 /* IMG_7230.JPG */,
				0230D47D2361900F00327ABA /* HeWeather_Plugin.framework */,
			);
			path = Librarys;
			sourceTree = "<group>";
		};
		02325FA2233F6B650044A000 /* LeanCloud */ = {
			isa = PBXGroup;
			children = (
				02EFBD1B2366F79D0006F767 /* LeanCloudGlobal.swift */,
				02EFBD192366DFFE0006F767 /* LeanCloudLogin.swift */,
				02EFBD202367E29C0006F767 /* LeanCloudDataModel.swift */,
				02EFBD1E2367DD390006F767 /* LeanCloudDataViewModel.swift */,
			);
			path = LeanCloud;
			sourceTree = "<group>";
		};
		028C397823698BB200E299D3 /* Common */ = {
			isa = PBXGroup;
			children = (
				02228CAF23368A2C0063A2F8 /* MineGCDTimer.swift */,
				02228CB123368D890063A2F8 /* TimeFomatChange.swift */,
				022CEC88236AB3B0001B40A0 /* GradientBGColor.swift */,
			);
			path = Common;
			sourceTree = "<group>";
		};
		02A6E348233545FA00B70277 = {
			isa = PBXGroup;
			children = (
				02325FA2233F6B650044A000 /* LeanCloud */,
				02A6E353233545FB00B70277 /* TakeTime */,
				022073BA2337CD3A00C967E2 /* TakeTimeToday */,
				02325F95233F4D860044A000 /* TakeTime-Bridging-Header.h */,
				022073B72337CD3A00C967E2 /* Frameworks */,
				02A6E352233545FB00B70277 /* Products */,
				740F377A856DD3E4E17B8B22 /* Pods */,
			);
			sourceTree = "<group>";
		};
		02A6E352233545FB00B70277 /* Products */ = {
			isa = PBXGroup;
			children = (
				02A6E351233545FB00B70277 /* TakeTime.app */,
				022073B62337CD3A00C967E2 /* TakeTimeToday.appex */,
			);
			name = Products;
			sourceTree = "<group>";
		};
		02A6E353233545FB00B70277 /* TakeTime */ = {
			isa = PBXGroup;
			children = (
				02FD1D93236A868300CEE875 /* Model */,
				02FD1D92236A866900CEE875 /* ViewModel */,
				028C397823698BB200E299D3 /* Common */,
				0230D47423618B3B00327ABA /* Librarys */,
				022073C923387FC100C967E2 /* TakeTime.entitlements */,
				02A6E354233545FB00B70277 /* AppDelegate.swift */,
				02A6E356233545FB00B70277 /* MainViewController.swift */,
				022073B023375DEC00C967E2 /* EventTableViewController.swift */,
				02A6E358233545FB00B70277 /* Main.storyboard */,
				02A6E35E233545FB00B70277 /* Assets.xcassets */,
				02A6E360233545FB00B70277 /* LaunchScreen.storyboard */,
				02A6E363233545FB00B70277 /* Info.plist */,
			);
			path = TakeTime;
			sourceTree = "<group>";
		};
		02FD1D92236A866900CEE875 /* ViewModel */ = {
			isa = PBXGroup;
			children = (
			);
			path = ViewModel;
			sourceTree = "<group>";
		};
		02FD1D93236A868300CEE875 /* Model */ = {
			isa = PBXGroup;
			children = (
			);
			path = Model;
			sourceTree = "<group>";
		};
		740F377A856DD3E4E17B8B22 /* Pods */ = {
			isa = PBXGroup;
			children = (
				6556B86978094D1D0092155D /* Pods-TakeTime.debug.xcconfig */,
				A34FEB212A625469AEB6A679 /* Pods-TakeTime.release.xcconfig */,
				23C5C6DC53B296087693AD16 /* Pods-TakeTimeToday.debug.xcconfig */,
				A74187EB1E66BC7762CEB6AA /* Pods-TakeTimeToday.release.xcconfig */,
			);
			path = Pods;
			sourceTree = "<group>";
		};
/* End PBXGroup section */

/* Begin PBXNativeTarget section */
		022073B52337CD3A00C967E2 /* TakeTimeToday */ = {
			isa = PBXNativeTarget;
			buildConfigurationList = 022073C42337CD3A00C967E2 /* Build configuration list for PBXNativeTarget "TakeTimeToday" */;
			buildPhases = (
				FEAC815AA214C3E00A639078 /* [CP] Check Pods Manifest.lock */,
				022073B22337CD3A00C967E2 /* Sources */,
				022073B32337CD3A00C967E2 /* Frameworks */,
				022073B42337CD3A00C967E2 /* Resources */,
			);
			buildRules = (
			);
			dependencies = (
			);
			name = TakeTimeToday;
			productName = TakeTimeToday;
			productReference = 022073B62337CD3A00C967E2 /* TakeTimeToday.appex */;
			productType = "com.apple.product-type.app-extension";
		};
		02A6E350233545FB00B70277 /* TakeTime */ = {
			isa = PBXNativeTarget;
			buildConfigurationList = 02A6E366233545FB00B70277 /* Build configuration list for PBXNativeTarget "TakeTime" */;
			buildPhases = (
				325D74C369144C89C582F24D /* [CP] Check Pods Manifest.lock */,
				02A6E34D233545FB00B70277 /* Sources */,
				02A6E34E233545FB00B70277 /* Frameworks */,
				02A6E34F233545FB00B70277 /* Resources */,
				022073C72337CD3A00C967E2 /* Embed App Extensions */,
				3CFE1E5842F1B0D0D7F55AF8 /* [CP] Embed Pods Frameworks */,
			);
			buildRules = (
			);
			dependencies = (
				022073C22337CD3A00C967E2 /* PBXTargetDependency */,
			);
			name = TakeTime;
			productName = TakeTime;
			productReference = 02A6E351233545FB00B70277 /* TakeTime.app */;
			productType = "com.apple.product-type.application";
		};
/* End PBXNativeTarget section */

/* Begin PBXProject section */
		02A6E349233545FA00B70277 /* Project object */ = {
			isa = PBXProject;
			attributes = {
				DefaultBuildSystemTypeForWorkspace = Original;
				LastSwiftUpdateCheck = 1020;
				LastUpgradeCheck = 1020;
				ORGANIZATIONNAME = "刘恒";
				TargetAttributes = {
					022073B52337CD3A00C967E2 = {
						CreatedOnToolsVersion = 10.2.1;
						LastSwiftMigration = 1020;
						SystemCapabilities = {
							com.apple.ApplicationGroups.iOS = {
								enabled = 1;
							};
						};
					};
					02A6E350233545FB00B70277 = {
						CreatedOnToolsVersion = 10.2.1;
						LastSwiftMigration = 1020;
						SystemCapabilities = {
							com.apple.ApplicationGroups.iOS = {
								enabled = 1;
							};
						};
					};
				};
			};
			buildConfigurationList = 02A6E34C233545FA00B70277 /* Build configuration list for PBXProject "TakeTime" */;
			compatibilityVersion = "Xcode 9.3";
			developmentRegion = en;
			hasScannedForEncodings = 0;
			knownRegions = (
				en,
				Base,
			);
			mainGroup = 02A6E348233545FA00B70277;
			productRefGroup = 02A6E352233545FB00B70277 /* Products */;
			projectDirPath = "";
			projectRoot = "";
			targets = (
				02A6E350233545FB00B70277 /* TakeTime */,
				022073B52337CD3A00C967E2 /* TakeTimeToday */,
			);
		};
/* End PBXProject section */

/* Begin PBXResourcesBuildPhase section */
		022073B42337CD3A00C967E2 /* Resources */ = {
			isa = PBXResourcesBuildPhase;
			buildActionMask = 2147483647;
			files = (
				022073D123389E8300C967E2 /* 育儿_widget.png in Resources */,
				022073BF2337CD3A00C967E2 /* MainInterface.storyboard in Resources */,
				022073CD23389E7600C967E2 /* 水杯_widget.png in Resources */,
				022073CB23389E6B00C967E2 /* 尿布_widget.png in Resources */,
				022073CF23389E7C00C967E2 /* 洗澡_widget.png in Resources */,
			);
			runOnlyForDeploymentPostprocessing = 0;
		};
		02A6E34F233545FB00B70277 /* Resources */ = {
			isa = PBXResourcesBuildPhase;
			buildActionMask = 2147483647;
			files = (
				02A6E362233545FB00B70277 /* LaunchScreen.storyboard in Resources */,
				02A6E35F233545FB00B70277 /* Assets.xcassets in Resources */,
				02A6E35A233545FB00B70277 /* Main.storyboard in Resources */,
				02FD1D91236A802A00CEE875 /* headBG.jpg in Resources */,
				028C397C2369903B00E299D3 /* IMG_7230.JPG in Resources */,
			);
			runOnlyForDeploymentPostprocessing = 0;
		};
/* End PBXResourcesBuildPhase section */

/* Begin PBXShellScriptBuildPhase section */
		325D74C369144C89C582F24D /* [CP] Check Pods Manifest.lock */ = {
			isa = PBXShellScriptBuildPhase;
			buildActionMask = 2147483647;
			files = (
			);
			inputFileListPaths = (
			);
			inputPaths = (
				"${PODS_PODFILE_DIR_PATH}/Podfile.lock",
				"${PODS_ROOT}/Manifest.lock",
			);
			name = "[CP] Check Pods Manifest.lock";
			outputFileListPaths = (
			);
			outputPaths = (
				"$(DERIVED_FILE_DIR)/Pods-TakeTime-checkManifestLockResult.txt",
			);
			runOnlyForDeploymentPostprocessing = 0;
			shellPath = /bin/sh;
			shellScript = "diff \"${PODS_PODFILE_DIR_PATH}/Podfile.lock\" \"${PODS_ROOT}/Manifest.lock\" > /dev/null\nif [ $? != 0 ] ; then\n    # print error to STDERR\n    echo \"error: The sandbox is not in sync with the Podfile.lock. Run 'pod install' or update your CocoaPods installation.\" >&2\n    exit 1\nfi\n# This output is used by Xcode 'outputs' to avoid re-running this script phase.\necho \"SUCCESS\" > \"${SCRIPT_OUTPUT_FILE_0}\"\n";
			showEnvVarsInLog = 0;
		};
		3CFE1E5842F1B0D0D7F55AF8 /* [CP] Embed Pods Frameworks */ = {
			isa = PBXShellScriptBuildPhase;
			buildActionMask = 2147483647;
			files = (
			);
			inputFileListPaths = (
				"${PODS_ROOT}/Target Support Files/Pods-TakeTime/Pods-TakeTime-frameworks-${CONFIGURATION}-input-files.xcfilelist",
			);
			name = "[CP] Embed Pods Frameworks";
			outputFileListPaths = (
				"${PODS_ROOT}/Target Support Files/Pods-TakeTime/Pods-TakeTime-frameworks-${CONFIGURATION}-output-files.xcfilelist",
			);
			runOnlyForDeploymentPostprocessing = 0;
			shellPath = /bin/sh;
			shellScript = "\"${PODS_ROOT}/Target Support Files/Pods-TakeTime/Pods-TakeTime-frameworks.sh\"\n";
			showEnvVarsInLog = 0;
		};
		FEAC815AA214C3E00A639078 /* [CP] Check Pods Manifest.lock */ = {
			isa = PBXShellScriptBuildPhase;
			buildActionMask = 2147483647;
			files = (
			);
			inputFileListPaths = (
			);
			inputPaths = (
				"${PODS_PODFILE_DIR_PATH}/Podfile.lock",
				"${PODS_ROOT}/Manifest.lock",
			);
			name = "[CP] Check Pods Manifest.lock";
			outputFileListPaths = (
			);
			outputPaths = (
				"$(DERIVED_FILE_DIR)/Pods-TakeTimeToday-checkManifestLockResult.txt",
			);
			runOnlyForDeploymentPostprocessing = 0;
			shellPath = /bin/sh;
			shellScript = "diff \"${PODS_PODFILE_DIR_PATH}/Podfile.lock\" \"${PODS_ROOT}/Manifest.lock\" > /dev/null\nif [ $? != 0 ] ; then\n    # print error to STDERR\n    echo \"error: The sandbox is not in sync with the Podfile.lock. Run 'pod install' or update your CocoaPods installation.\" >&2\n    exit 1\nfi\n# This output is used by Xcode 'outputs' to avoid re-running this script phase.\necho \"SUCCESS\" > \"${SCRIPT_OUTPUT_FILE_0}\"\n";
			showEnvVarsInLog = 0;
		};
/* End PBXShellScriptBuildPhase section */

/* Begin PBXSourcesBuildPhase section */
		022073B22337CD3A00C967E2 /* Sources */ = {
			isa = PBXSourcesBuildPhase;
			buildActionMask = 2147483647;
			files = (
				028C3977236982CA00E299D3 /* LeanCloudDataViewModel.swift in Sources */,
				028C3976236982CA00E299D3 /* LeanCloudDataModel.swift in Sources */,
				022073BC2337CD3A00C967E2 /* TodayViewController.swift in Sources */,
				020FF92B233BC0FE0046A1DD /* TimeFomatChange.swift in Sources */,
				028C3974236982CA00E299D3 /* LeanCloudGlobal.swift in Sources */,
				028C3975236982CA00E299D3 /* LeanCloudLogin.swift in Sources */,
			);
			runOnlyForDeploymentPostprocessing = 0;
		};
		02A6E34D233545FB00B70277 /* Sources */ = {
			isa = PBXSourcesBuildPhase;
			buildActionMask = 2147483647;
			files = (
				02EFBD212367E29C0006F767 /* LeanCloudDataModel.swift in Sources */,
				02EFBD1F2367DD390006F767 /* LeanCloudDataViewModel.swift in Sources */,
				022CEC89236AB3B0001B40A0 /* GradientBGColor.swift in Sources */,
				02EFBD1A2366DFFE0006F767 /* LeanCloudLogin.swift in Sources */,
				02EFBD1C2366F79D0006F767 /* LeanCloudGlobal.swift in Sources */,
				02228CB023368A2C0063A2F8 /* MineGCDTimer.swift in Sources */,
				02A6E357233545FB00B70277 /* MainViewController.swift in Sources */,
				022073B123375DEC00C967E2 /* EventTableViewController.swift in Sources */,
				02228CB223368D890063A2F8 /* TimeFomatChange.swift in Sources */,
				02A6E355233545FB00B70277 /* AppDelegate.swift in Sources */,
			);
			runOnlyForDeploymentPostprocessing = 0;
		};
/* End PBXSourcesBuildPhase section */

/* Begin PBXTargetDependency section */
		022073C22337CD3A00C967E2 /* PBXTargetDependency */ = {
			isa = PBXTargetDependency;
			target = 022073B52337CD3A00C967E2 /* TakeTimeToday */;
			targetProxy = 022073C12337CD3A00C967E2 /* PBXContainerItemProxy */;
		};
/* End PBXTargetDependency section */

/* Begin PBXVariantGroup section */
		022073BD2337CD3A00C967E2 /* MainInterface.storyboard */ = {
			isa = PBXVariantGroup;
			children = (
				022073BE2337CD3A00C967E2 /* Base */,
			);
			name = MainInterface.storyboard;
			sourceTree = "<group>";
		};
		02A6E358233545FB00B70277 /* Main.storyboard */ = {
			isa = PBXVariantGroup;
			children = (
				02A6E359233545FB00B70277 /* Base */,
			);
			name = Main.storyboard;
			sourceTree = "<group>";
		};
		02A6E360233545FB00B70277 /* LaunchScreen.storyboard */ = {
			isa = PBXVariantGroup;
			children = (
				02A6E361233545FB00B70277 /* Base */,
			);
			name = LaunchScreen.storyboard;
			sourceTree = "<group>";
		};
/* End PBXVariantGroup section */

/* Begin XCBuildConfiguration section */
		022073C52337CD3A00C967E2 /* Debug */ = {
			isa = XCBuildConfiguration;
			baseConfigurationReference = 23C5C6DC53B296087693AD16 /* Pods-TakeTimeToday.debug.xcconfig */;
			buildSettings = {
				CLANG_ENABLE_MODULES = YES;
				CODE_SIGN_ENTITLEMENTS = TakeTimeToday/TakeTimeToday.entitlements;
				CODE_SIGN_IDENTITY = "iPhone Developer";
				CODE_SIGN_STYLE = Manual;
				DEVELOPMENT_TEAM = 4K46345F2F;
				INFOPLIST_FILE = TakeTimeToday/Info.plist;
				LD_RUNPATH_SEARCH_PATHS = (
					"$(inherited)",
					"@executable_path/Frameworks",
					"@executable_path/../../Frameworks",
				);
				PRODUCT_BUNDLE_IDENTIFIER = com.dada.TakeTimes.TakeTimeToday;
				PRODUCT_NAME = "$(TARGET_NAME)";
				PROVISIONING_PROFILE_SPECIFIER = "taketimeToday-dev";
				SKIP_INSTALL = YES;
				SWIFT_OBJC_BRIDGING_HEADER = "TakeTimeToday/TakeTimeToday-Bridging-Header.h";
				SWIFT_OPTIMIZATION_LEVEL = "-Onone";
				SWIFT_VERSION = 5.0;
				TARGETED_DEVICE_FAMILY = "1,2";
			};
			name = Debug;
		};
		022073C62337CD3A00C967E2 /* Release */ = {
			isa = XCBuildConfiguration;
			baseConfigurationReference = A74187EB1E66BC7762CEB6AA /* Pods-TakeTimeToday.release.xcconfig */;
			buildSettings = {
				CLANG_ENABLE_MODULES = YES;
				CODE_SIGN_ENTITLEMENTS = TakeTimeToday/TakeTimeToday.entitlements;
				CODE_SIGN_IDENTITY = "iPhone Developer";
				CODE_SIGN_STYLE = Manual;
				DEVELOPMENT_TEAM = 4K46345F2F;
				INFOPLIST_FILE = TakeTimeToday/Info.plist;
				LD_RUNPATH_SEARCH_PATHS = (
					"$(inherited)",
					"@executable_path/Frameworks",
					"@executable_path/../../Frameworks",
				);
				PRODUCT_BUNDLE_IDENTIFIER = com.dada.TakeTimes.TakeTimeToday;
				PRODUCT_NAME = "$(TARGET_NAME)";
				PROVISIONING_PROFILE_SPECIFIER = "taketimeToday-dev";
				SKIP_INSTALL = YES;
				SWIFT_OBJC_BRIDGING_HEADER = "TakeTimeToday/TakeTimeToday-Bridging-Header.h";
				SWIFT_VERSION = 5.0;
				TARGETED_DEVICE_FAMILY = "1,2";
			};
			name = Release;
		};
		02A6E364233545FB00B70277 /* Debug */ = {
			isa = XCBuildConfiguration;
			buildSettings = {
				ALWAYS_SEARCH_USER_PATHS = NO;
				CLANG_ANALYZER_NONNULL = YES;
				CLANG_ANALYZER_NUMBER_OBJECT_CONVERSION = YES_AGGRESSIVE;
				CLANG_CXX_LANGUAGE_STANDARD = "gnu++14";
				CLANG_CXX_LIBRARY = "libc++";
				CLANG_ENABLE_MODULES = YES;
				CLANG_ENABLE_OBJC_ARC = YES;
				CLANG_ENABLE_OBJC_WEAK = YES;
				CLANG_WARN_BLOCK_CAPTURE_AUTORELEASING = YES;
				CLANG_WARN_BOOL_CONVERSION = YES;
				CLANG_WARN_COMMA = YES;
				CLANG_WARN_CONSTANT_CONVERSION = YES;
				CLANG_WARN_DEPRECATED_OBJC_IMPLEMENTATIONS = YES;
				CLANG_WARN_DIRECT_OBJC_ISA_USAGE = YES_ERROR;
				CLANG_WARN_DOCUMENTATION_COMMENTS = YES;
				CLANG_WARN_EMPTY_BODY = YES;
				CLANG_WARN_ENUM_CONVERSION = YES;
				CLANG_WARN_INFINITE_RECURSION = YES;
				CLANG_WARN_INT_CONVERSION = YES;
				CLANG_WARN_NON_LITERAL_NULL_CONVERSION = YES;
				CLANG_WARN_OBJC_IMPLICIT_RETAIN_SELF = YES;
				CLANG_WARN_OBJC_LITERAL_CONVERSION = YES;
				CLANG_WARN_OBJC_ROOT_CLASS = YES_ERROR;
				CLANG_WARN_RANGE_LOOP_ANALYSIS = YES;
				CLANG_WARN_STRICT_PROTOTYPES = YES;
				CLANG_WARN_SUSPICIOUS_MOVE = YES;
				CLANG_WARN_UNGUARDED_AVAILABILITY = YES_AGGRESSIVE;
				CLANG_WARN_UNREACHABLE_CODE = YES;
				CLANG_WARN__DUPLICATE_METHOD_MATCH = YES;
				CODE_SIGN_IDENTITY = "iPhone Developer";
				COPY_PHASE_STRIP = NO;
				DEBUG_INFORMATION_FORMAT = dwarf;
				ENABLE_STRICT_OBJC_MSGSEND = YES;
				ENABLE_TESTABILITY = YES;
				GCC_C_LANGUAGE_STANDARD = gnu11;
				GCC_DYNAMIC_NO_PIC = NO;
				GCC_NO_COMMON_BLOCKS = YES;
				GCC_OPTIMIZATION_LEVEL = 0;
				GCC_PREPROCESSOR_DEFINITIONS = (
					"DEBUG=1",
					"$(inherited)",
				);
				GCC_WARN_64_TO_32_BIT_CONVERSION = YES;
				GCC_WARN_ABOUT_RETURN_TYPE = YES_ERROR;
				GCC_WARN_UNDECLARED_SELECTOR = YES;
				GCC_WARN_UNINITIALIZED_AUTOS = YES_AGGRESSIVE;
				GCC_WARN_UNUSED_FUNCTION = YES;
				GCC_WARN_UNUSED_VARIABLE = YES;
				IPHONEOS_DEPLOYMENT_TARGET = 12.0;
				MTL_ENABLE_DEBUG_INFO = INCLUDE_SOURCE;
				MTL_FAST_MATH = YES;
				ONLY_ACTIVE_ARCH = YES;
				SDKROOT = iphoneos;
				SWIFT_ACTIVE_COMPILATION_CONDITIONS = DEBUG;
				SWIFT_OPTIMIZATION_LEVEL = "-Onone";
			};
			name = Debug;
		};
		02A6E365233545FB00B70277 /* Release */ = {
			isa = XCBuildConfiguration;
			buildSettings = {
				ALWAYS_SEARCH_USER_PATHS = NO;
				CLANG_ANALYZER_NONNULL = YES;
				CLANG_ANALYZER_NUMBER_OBJECT_CONVERSION = YES_AGGRESSIVE;
				CLANG_CXX_LANGUAGE_STANDARD = "gnu++14";
				CLANG_CXX_LIBRARY = "libc++";
				CLANG_ENABLE_MODULES = YES;
				CLANG_ENABLE_OBJC_ARC = YES;
				CLANG_ENABLE_OBJC_WEAK = YES;
				CLANG_WARN_BLOCK_CAPTURE_AUTORELEASING = YES;
				CLANG_WARN_BOOL_CONVERSION = YES;
				CLANG_WARN_COMMA = YES;
				CLANG_WARN_CONSTANT_CONVERSION = YES;
				CLANG_WARN_DEPRECATED_OBJC_IMPLEMENTATIONS = YES;
				CLANG_WARN_DIRECT_OBJC_ISA_USAGE = YES_ERROR;
				CLANG_WARN_DOCUMENTATION_COMMENTS = YES;
				CLANG_WARN_EMPTY_BODY = YES;
				CLANG_WARN_ENUM_CONVERSION = YES;
				CLANG_WARN_INFINITE_RECURSION = YES;
				CLANG_WARN_INT_CONVERSION = YES;
				CLANG_WARN_NON_LITERAL_NULL_CONVERSION = YES;
				CLANG_WARN_OBJC_IMPLICIT_RETAIN_SELF = YES;
				CLANG_WARN_OBJC_LITERAL_CONVERSION = YES;
				CLANG_WARN_OBJC_ROOT_CLASS = YES_ERROR;
				CLANG_WARN_RANGE_LOOP_ANALYSIS = YES;
				CLANG_WARN_STRICT_PROTOTYPES = YES;
				CLANG_WARN_SUSPICIOUS_MOVE = YES;
				CLANG_WARN_UNGUARDED_AVAILABILITY = YES_AGGRESSIVE;
				CLANG_WARN_UNREACHABLE_CODE = YES;
				CLANG_WARN__DUPLICATE_METHOD_MATCH = YES;
				CODE_SIGN_IDENTITY = "iPhone Developer";
				COPY_PHASE_STRIP = NO;
				DEBUG_INFORMATION_FORMAT = "dwarf-with-dsym";
				ENABLE_NS_ASSERTIONS = NO;
				ENABLE_STRICT_OBJC_MSGSEND = YES;
				GCC_C_LANGUAGE_STANDARD = gnu11;
				GCC_NO_COMMON_BLOCKS = YES;
				GCC_WARN_64_TO_32_BIT_CONVERSION = YES;
				GCC_WARN_ABOUT_RETURN_TYPE = YES_ERROR;
				GCC_WARN_UNDECLARED_SELECTOR = YES;
				GCC_WARN_UNINITIALIZED_AUTOS = YES_AGGRESSIVE;
				GCC_WARN_UNUSED_FUNCTION = YES;
				GCC_WARN_UNUSED_VARIABLE = YES;
				IPHONEOS_DEPLOYMENT_TARGET = 12.0;
				MTL_ENABLE_DEBUG_INFO = NO;
				MTL_FAST_MATH = YES;
				SDKROOT = iphoneos;
				SWIFT_COMPILATION_MODE = wholemodule;
				SWIFT_OPTIMIZATION_LEVEL = "-O";
				VALIDATE_PRODUCT = YES;
			};
			name = Release;
		};
		02A6E367233545FB00B70277 /* Debug */ = {
			isa = XCBuildConfiguration;
			baseConfigurationReference = 6556B86978094D1D0092155D /* Pods-TakeTime.debug.xcconfig */;
			buildSettings = {
				ALWAYS_EMBED_SWIFT_STANDARD_LIBRARIES = YES;
				APPLICATION_EXTENSION_API_ONLY = NO;
				ASSETCATALOG_COMPILER_APPICON_NAME = AppIcon;
				CLANG_ENABLE_MODULES = YES;
				CODE_SIGN_ENTITLEMENTS = TakeTime/TakeTime.entitlements;
				CODE_SIGN_IDENTITY = "iPhone Developer";
				CODE_SIGN_STYLE = Manual;
				DEVELOPMENT_TEAM = 4K46345F2F;
				ENABLE_BITCODE = YES;
				FRAMEWORK_SEARCH_PATHS = (
					"$(inherited)",
					"$(PROJECT_DIR)/TakeTime/Librarys",
				);
				INFOPLIST_FILE = TakeTime/Info.plist;
				LD_RUNPATH_SEARCH_PATHS = (
					"$(inherited)",
					"@executable_path/Frameworks",
				);
				MARKETING_VERSION = 1.2;
				PRODUCT_BUNDLE_IDENTIFIER = com.dada.TakeTimes;
				PRODUCT_NAME = "$(TARGET_NAME)";
				PROVISIONING_PROFILE_SPECIFIER = "taketime-dev";
				SWIFT_OBJC_BRIDGING_HEADER = "TakeTime-Bridging-Header.h";
				SWIFT_OPTIMIZATION_LEVEL = "-Onone";
				SWIFT_VERSION = 5.0;
				TARGETED_DEVICE_FAMILY = 1;
			};
			name = Debug;
		};
		02A6E368233545FB00B70277 /* Release */ = {
			isa = XCBuildConfiguration;
			baseConfigurationReference = A34FEB212A625469AEB6A679 /* Pods-TakeTime.release.xcconfig */;
			buildSettings = {
				ALWAYS_EMBED_SWIFT_STANDARD_LIBRARIES = YES;
				APPLICATION_EXTENSION_API_ONLY = NO;
				ASSETCATALOG_COMPILER_APPICON_NAME = AppIcon;
				CLANG_ENABLE_MODULES = YES;
				CODE_SIGN_ENTITLEMENTS = TakeTime/TakeTime.entitlements;
				CODE_SIGN_IDENTITY = "iPhone Developer";
				CODE_SIGN_STYLE = Manual;
				DEVELOPMENT_TEAM = 4K46345F2F;
				ENABLE_BITCODE = YES;
				FRAMEWORK_SEARCH_PATHS = (
					"$(inherited)",
					"$(PROJECT_DIR)/TakeTime/Librarys",
				);
				INFOPLIST_FILE = TakeTime/Info.plist;
				LD_RUNPATH_SEARCH_PATHS = (
					"$(inherited)",
					"@executable_path/Frameworks",
				);
				MARKETING_VERSION = 1.2;
				PRODUCT_BUNDLE_IDENTIFIER = com.dada.TakeTimes;
				PRODUCT_NAME = "$(TARGET_NAME)";
				PROVISIONING_PROFILE_SPECIFIER = "taketime-dev";
				SWIFT_OBJC_BRIDGING_HEADER = "TakeTime-Bridging-Header.h";
				SWIFT_VERSION = 5.0;
				TARGETED_DEVICE_FAMILY = 1;
			};
			name = Release;
		};
/* End XCBuildConfiguration section */

/* Begin XCConfigurationList section */
		022073C42337CD3A00C967E2 /* Build configuration list for PBXNativeTarget "TakeTimeToday" */ = {
			isa = XCConfigurationList;
			buildConfigurations = (
				022073C52337CD3A00C967E2 /* Debug */,
				022073C62337CD3A00C967E2 /* Release */,
			);
			defaultConfigurationIsVisible = 0;
			defaultConfigurationName = Release;
		};
		02A6E34C233545FA00B70277 /* Build configuration list for PBXProject "TakeTime" */ = {
			isa = XCConfigurationList;
			buildConfigurations = (
				02A6E364233545FB00B70277 /* Debug */,
				02A6E365233545FB00B70277 /* Release */,
			);
			defaultConfigurationIsVisible = 0;
			defaultConfigurationName = Release;
		};
		02A6E366233545FB00B70277 /* Build configuration list for PBXNativeTarget "TakeTime" */ = {
			isa = XCConfigurationList;
			buildConfigurations = (
				02A6E367233545FB00B70277 /* Debug */,
				02A6E368233545FB00B70277 /* Release */,
			);
			defaultConfigurationIsVisible = 0;
			defaultConfigurationName = Release;
		};
/* End XCConfigurationList section */
	};
	rootObject = 02A6E349233545FA00B70277 /* Project object */;
}
