PODS:
  - Alamofire (5.0.0-rc.3)
  - GRDB.swift (4.5.0):
    - GRDB.swift/standard (= 4.5.0)
  - GRDB.swift/standard (4.5.0)
  - LeanCloud (17.1.0):
    - LeanCloud/Foundation (= 17.1.0)
    - LeanCloud/RTM (= 17.1.0)
  - LeanCloud/Foundation (17.1.0):
    - Alamofire (~> 5.0-rc.2)
  - LeanCloud/RTM (17.1.0):
    - GRDB.swift (~> 4.4)
    - LeanCloud/Foundation (= 17.1.0)
    - Starscream (~> 3.1)
    - SwiftProtobuf (~> 1.7.0)
  - Masonry (1.1.0)
  - SDWebImage (5.2.5):
    - SDWebImage/Core (= 5.2.5)
  - SDWebImage/Core (5.2.5)
  - Starscream (3.1.1)
  - SwiftProtobuf (1.7.0)

DEPENDENCIES:
  - LeanCloud (~> 17.0)
  - LeanCloud/Foundation (~> 17.0)
  - Masonry
  - SDWebImage (~> 5.2.3)

SPEC REPOS:
  https://github.com/CocoaPods/Specs.git:
    - Alamofire
    - GRDB.swift
    - LeanCloud
    - Masonry
    - SDWebImage
    - Starscream
    - SwiftProtobuf

SPEC CHECKSUMS:
  Alamofire: ca8c0de6906873be89d6deec5c8de279e00bf872
  GRDB.swift: f9c4cabfb4d1266685e80b1f6ea433eb61c7950c
  LeanCloud: fc275505a7b505a7ea938a8dc50c6c4d54c114d4
  Masonry: 678fab65091a9290e40e2832a55e7ab731aad201
  SDWebImage: 4eabf2fa6695c95c47724214417a9c036c965e4a
  Starscream: 4bb2f9942274833f7b4d296a55504dcfc7edb7b0
  SwiftProtobuf: 4fd9645e69b72cbae6ec8da5be0cdd20ca6565dd

PODFILE CHECKSUM: c4444703ec13597ade6db08c3c99150f2337446f

COCOAPODS: 1.8.4
